<?xml version="1.0" encoding="utf-8"?>
<Project ToolsVersion="4.0" xmlns="http://schemas.microsoft.com/developer/msbuild/2003">
  <ItemGroup>
    <Filter Include="Source Files">
      <UniqueIdentifier>{4FC737F1-C7A5-4376-A066-2A32D752A2FF}</UniqueIdentifier>
      <Extensions>cpp;c;cc;cxx;c++;cppm;ixx;def;odl;idl;hpj;bat;asm;asmx</Extensions>
    </Filter>
    <Filter Include="Header Files">
      <UniqueIdentifier>{93995380-89BD-4b04-88EB-625FBE52EBFB}</UniqueIdentifier>
      <Extensions>h;hh;hpp;hxx;h++;hm;inl;inc;ipp;xsd</Extensions>
    </Filter>
    <Filter Include="MANAGERS">
      <UniqueIdentifier>{7d19d4d8-4dc7-4e3a-99b4-24fbd9f60b8f}</UniqueIdentifier>
    </Filter>
    <Filter Include="GAME OBJECTS">
      <UniqueIdentifier>{7e5dfdca-edca-43c7-b20b-475b5d94f12d}</UniqueIdentifier>
    </Filter>
    <Filter Include="SCENES">
      <UniqueIdentifier>{c8d0355d-9996-40dc-bbda-459bc32a2b81}</UniqueIdentifier>
    </Filter>
    <Filter Include="TINY XML">
      <UniqueIdentifier>{0100d2f3-f1d2-44c2-9649-617535078e26}</UniqueIdentifier>
    </Filter>
  </ItemGroup>
  <ItemGroup>
    <ClCompile Include="main.cpp">
      <Filter>Source Files</Filter>
    </ClCompile>
    <ClCompile Include="AudioManager.cpp">
      <Filter>MANAGERS</Filter>
    </ClCompile>
    <ClCompile Include="ResourceManager.cpp">
      <Filter>MANAGERS</Filter>
    </ClCompile>
    <ClCompile Include="VideoManager.cpp">
      <Filter>MANAGERS</Filter>
    </ClCompile>
    <ClCompile Include="InputManager.cpp">
      <Filter>MANAGERS</Filter>
    </ClCompile>
    <ClCompile Include="gameObject.cpp">
      <Filter>GAME OBJECTS</Filter>
    </ClCompile>
    <ClCompile Include="player.cpp">
      <Filter>GAME OBJECTS</Filter>
    </ClCompile>
    <ClCompile Include="SceneManager.cpp">
      <Filter>MANAGERS</Filter>
    </ClCompile>
    <ClCompile Include="Scene.cpp">
      <Filter>SCENES</Filter>
    </ClCompile>
    <ClCompile Include="WORLD_2_1.cpp">
      <Filter>SCENES</Filter>
    </ClCompile>
    <ClCompile Include="tinyxml2.cpp">
      <Filter>TINY XML</Filter>
    </ClCompile>
    <ClCompile Include="bomb.cpp">
      <Filter>GAME OBJECTS</Filter>
    </ClCompile>
    <ClCompile Include="mapLevel.cpp">
      <Filter>GAME OBJECTS</Filter>
    </ClCompile>
  </ItemGroup>
  <ItemGroup>
    <ClInclude Include="AudioManager.h">
      <Filter>MANAGERS</Filter>
    </ClInclude>
    <ClInclude Include="config.h">
      <Filter>MANAGERS</Filter>
    </ClInclude>
    <ClInclude Include="ResourceManager.h">
      <Filter>MANAGERS</Filter>
    </ClInclude>
    <ClInclude Include="VideoManager.h">
      <Filter>MANAGERS</Filter>
    </ClInclude>
    <ClInclude Include="InputManager.h">
      <Filter>MANAGERS</Filter>
    </ClInclude>
    <ClInclude Include="gameObject.h">
      <Filter>GAME OBJECTS</Filter>
    </ClInclude>
    <ClInclude Include="player.h">
      <Filter>GAME OBJECTS</Filter>
    </ClInclude>
    <ClInclude Include="Scene.h">
      <Filter>SCENES</Filter>
    </ClInclude>
    <ClInclude Include="SceneManager.h">
      <Filter>MANAGERS</Filter>
    </ClInclude>
    <ClInclude Include="WORLD_2_1.h">
      <Filter>SCENES</Filter>
    </ClInclude>
    <ClInclude Include="tinyxml2.h">
      <Filter>TINY XML</Filter>
    </ClInclude>
    <ClInclude Include="bomb.h">
      <Filter>GAME OBJECTS</Filter>
    </ClInclude>
    <ClInclude Include="mapLevel.h">
      <Filter>GAME OBJECTS</Filter>
    </ClInclude>
  </ItemGroup>
</Project>